# This file is generated by running "yarn install" inside your project.
# Manual changes might be lost - proceed with caution!

__metadata:
  version: 6
  cacheKey: 8

"@lusc/tsconfig@npm:^2.0.0":
  version: 2.0.0
  resolution: "@lusc/tsconfig@npm:2.0.0"
  checksum: ab5aaa96cc762c55a07d6b1d56503418deb7233390c8bbd7a625dd19f51942188b75ea78739e194615c851a02f2f146cece03487fe3c8a3ee4dc788c85f12175
  languageName: node
  linkType: hard

"@types/node@npm:^18.11.18":
  version: 18.11.18
  resolution: "@types/node@npm:18.11.18"
  checksum: 03f17f9480f8d775c8a72da5ea7e9383db5f6d85aa5fefde90dd953a1449bd5e4ffde376f139da4f3744b4c83942166d2a7603969a6f8ea826edfb16e6e3b49d
  languageName: node
  linkType: hard

"faker-cli@workspace:.":
  version: 0.0.0-use.local
  resolution: "faker-cli@workspace:."
  dependencies:
    "@lusc/tsconfig": ^2.0.0
    "@types/node": ^18.11.18
    rimraf: ^4.1.1
    typescript: ^4.9.4
  languageName: unknown
  linkType: soft

"rimraf@npm:^4.1.1":
  version: 4.1.1
  resolution: "rimraf@npm:4.1.1"
  bin:
    rimraf: dist/cjs/src/bin.js
  checksum: f52d46f59c1a532b3d0f73cb5228ff8f7df4ee87b9df95cf655788ea186c935b5c6ab4c45b66f8de5ed1e3690f58ff83f9a5b0ba1ae2e76a9bf36415f37732f7
  languageName: node
  linkType: hard

"typescript@npm:^4.9.4":
  version: 4.9.4
  resolution: "typescript@npm:4.9.4"
  bin:
    tsc: bin/tsc
    tsserver: bin/tsserver
  checksum: e782fb9e0031cb258a80000f6c13530288c6d63f1177ed43f770533fdc15740d271554cdae86701c1dd2c83b082cea808b07e97fd68b38a172a83dbf9e0d0ef9
  languageName: node
  linkType: hard

"typescript@patch:typescript@^4.9.4#~builtin<compat/typescript>":
  version: 4.9.4
  resolution: "typescript@patch:typescript@npm%3A4.9.4#~builtin<compat/typescript>::version=4.9.4&hash=ad5954"
  bin:
    tsc: bin/tsc
    tsserver: bin/tsserver
  checksum: 1caaea6cb7f813e64345190fddc4e6c924d0b698ab81189b503763c4a18f7f5501c69362979d36e19c042d89d936443e768a78b0675690b35eb663d19e0eae71
  languageName: node
  linkType: hard
